
Microsoft Visual Studio Solution File, Format Version 11.00
# Visual Studio 2010
Project("{FAE04EC0-301F-11D3-BF4B-00C04F79EFBC}") = "UnityEngine.TestRunner", "UnityEngine.TestRunner.csproj", "{02dca50f-489f-3d60-369f-60c70378e902}"
EndProject
Project("{FAE04EC0-301F-11D3-BF4B-00C04F79EFBC}") = "Unity.Mathematics", "Unity.Mathematics.csproj", "{b3c35a97-1c96-d271-6a86-7594bfd021d9}"
EndProject
Project("{FAE04EC0-301F-11D3-BF4B-00C04F79EFBC}") = "Unity.Timeline", "Unity.Timeline.csproj", "{534d1f1e-4629-357c-eb21-20ac4b92d3be}"
EndProject
Project("{FAE04EC0-301F-11D3-BF4B-00C04F79EFBC}") = "UnityEngine.UI", "UnityEngine.UI.csproj", "{c9faba0a-7699-7388-8110-1a3a3e5c7ca7}"
EndProject
Project("{FAE04EC0-301F-11D3-BF4B-00C04F79EFBC}") = "Unity.TextMeshPro", "Unity.TextMeshPro.csproj", "{94d1d7d0-2cdc-5640-a3e6-d4a395385c05}"
EndProject
Project("{FAE04EC0-301F-11D3-BF4B-00C04F79EFBC}") = "Unity.2D.Animation.Runtime", "Unity.2D.Animation.Runtime.csproj", "{c37c6f3c-b004-336c-a6ff-29e843d58ba0}"
EndProject
Project("{FAE04EC0-301F-11D3-BF4B-00C04F79EFBC}") = "Unity.2D.IK.Runtime", "Unity.2D.IK.Runtime.csproj", "{6cfd59bf-6e9c-5c21-daf8-a1df22109ff7}"
EndProject
Project("{FAE04EC0-301F-11D3-BF4B-00C04F79EFBC}") = "Unity.2D.SpriteShape.Runtime", "Unity.2D.SpriteShape.Runtime.csproj", "{e8302d2e-2ec9-f0c0-2363-c3a9840e8096}"
EndProject
Project("{FAE04EC0-301F-11D3-BF4B-00C04F79EFBC}") = "Unity.2D.PixelPerfect", "Unity.2D.PixelPerfect.csproj", "{70e24db3-d9ec-b963-0e3d-43e49e5ec21f}"
EndProject
Project("{FAE04EC0-301F-11D3-BF4B-00C04F79EFBC}") = "Unity.2D.Common.Runtime", "Unity.2D.Common.Runtime.csproj", "{dac2ceb6-0c88-8238-e2bc-d5d4c3dc8b2d}"
EndProject
Project("{FAE04EC0-301F-11D3-BF4B-00C04F79EFBC}") = "Unity.InternalAPIEngineBridge.001", "Unity.InternalAPIEngineBridge.001.csproj", "{d07af02e-749c-dbf6-2a2a-ad71ade552bb}"
EndProject
Project("{FAE04EC0-301F-11D3-BF4B-00C04F79EFBC}") = "Assembly-CSharp", "Assembly-CSharp.csproj", "{2dcc826a-07d3-c786-f40d-609cb8f05384}"
EndProject
Project("{FAE04EC0-301F-11D3-BF4B-00C04F79EFBC}") = "UnityEditor.TestRunner", "UnityEditor.TestRunner.csproj", "{bdbb9dea-8fa2-5931-92dd-8682a2714f09}"
EndProject
Project("{FAE04EC0-301F-11D3-BF4B-00C04F79EFBC}") = "Unity.PlasticSCM.Editor", "Unity.PlasticSCM.Editor.csproj", "{783490ce-8abe-e9e8-0f46-b575b73e681f}"
EndProject
Project("{FAE04EC0-301F-11D3-BF4B-00C04F79EFBC}") = "Unity.2D.Animation.Triangle.Editor", "Unity.2D.Animation.Triangle.Editor.csproj", "{58a1bd90-9108-20d9-d556-8825a3e20dd6}"
EndProject
Project("{FAE04EC0-301F-11D3-BF4B-00C04F79EFBC}") = "UnityEditor.UI", "UnityEditor.UI.csproj", "{d70c402b-6984-f88b-99f5-282797bb090c}"
EndProject
Project("{FAE04EC0-301F-11D3-BF4B-00C04F79EFBC}") = "Unity.Timeline.Editor", "Unity.Timeline.Editor.csproj", "{dc6e1955-d8fd-e2cb-b228-d5c827601df5}"
EndProject
Project("{FAE04EC0-301F-11D3-BF4B-00C04F79EFBC}") = "Unity.VisualStudio.Editor", "Unity.VisualStudio.Editor.csproj", "{57779175-c783-bcf5-51cc-772868064a25}"
EndProject
Project("{FAE04EC0-301F-11D3-BF4B-00C04F79EFBC}") = "Unity.2D.Psdimporter.Editor", "Unity.2D.Psdimporter.Editor.csproj", "{5a8d2498-c118-cc97-d8ae-6a97ddb52848}"
EndProject
Project("{FAE04EC0-301F-11D3-BF4B-00C04F79EFBC}") = "Unity.2D.Animation.Editor", "Unity.2D.Animation.Editor.csproj", "{1ebd7885-42c5-5dad-924b-48f2211f927a}"
EndProject
Project("{FAE04EC0-301F-11D3-BF4B-00C04F79EFBC}") = "Unity.TextMeshPro.Editor", "Unity.TextMeshPro.Editor.csproj", "{28e5cfc6-55af-8b02-aedf-009758ce316e}"
EndProject
Project("{FAE04EC0-301F-11D3-BF4B-00C04F79EFBC}") = "Unity.2D.SpriteShape.Editor", "Unity.2D.SpriteShape.Editor.csproj", "{ccbe3cb4-fc68-c35e-d518-a1ab2d55ece6}"
EndProject
Project("{FAE04EC0-301F-11D3-BF4B-00C04F79EFBC}") = "PsdPlugin", "PsdPlugin.csproj", "{c9cd53ca-c846-646c-1994-2ae30cae1a0e}"
EndProject
Project("{FAE04EC0-301F-11D3-BF4B-00C04F79EFBC}") = "Unity.2D.Path.Editor", "Unity.2D.Path.Editor.csproj", "{bd9b4a77-e889-2658-e64d-488f180fa67c}"
EndProject
Project("{FAE04EC0-301F-11D3-BF4B-00C04F79EFBC}") = "Unity.Rider.Editor", "Unity.Rider.Editor.csproj", "{e4b381fd-ba40-8511-3d3a-cd5671b06555}"
EndProject
Project("{FAE04EC0-301F-11D3-BF4B-00C04F79EFBC}") = "Unity.2D.IK.Editor", "Unity.2D.IK.Editor.csproj", "{adf06a89-0948-057c-3c41-cf195b6d3838}"
EndProject
Project("{FAE04EC0-301F-11D3-BF4B-00C04F79EFBC}") = "Unity.2D.Sprite.Editor", "Unity.2D.Sprite.Editor.csproj", "{29420982-bcf0-c83b-10f9-78ad4d520776}"
EndProject
Project("{FAE04EC0-301F-11D3-BF4B-00C04F79EFBC}") = "Unity.2D.Tilemap.Editor", "Unity.2D.Tilemap.Editor.csproj", "{edb7d45b-0d5f-2a83-a7d9-d06e501e25c6}"
EndProject
Project("{FAE04EC0-301F-11D3-BF4B-00C04F79EFBC}") = "Unity.2D.PixelPerfect.Editor", "Unity.2D.PixelPerfect.Editor.csproj", "{2bc0fba7-c2c0-d744-e8f9-d8aa80db0708}"
EndProject
Project("{FAE04EC0-301F-11D3-BF4B-00C04F79EFBC}") = "Unity.VSCode.Editor", "Unity.VSCode.Editor.csproj", "{03a39519-b188-51cc-3289-e62211854aeb}"
EndProject
Project("{FAE04EC0-301F-11D3-BF4B-00C04F79EFBC}") = "Unity.2D.Common.Editor", "Unity.2D.Common.Editor.csproj", "{3dbabce1-6700-7d76-d67f-9ba07bface16}"
EndProject
Project("{FAE04EC0-301F-11D3-BF4B-00C04F79EFBC}") = "Unity.Mathematics.Editor", "Unity.Mathematics.Editor.csproj", "{9ce0a299-ef69-2c36-a5f8-e3c12fcfcd86}"
EndProject
Project("{FAE04EC0-301F-11D3-BF4B-00C04F79EFBC}") = "Unity.CollabProxy.Editor", "Unity.CollabProxy.Editor.csproj", "{8a56c529-0665-bd25-844b-ea8b2ce1f510}"
EndProject
Project("{FAE04EC0-301F-11D3-BF4B-00C04F79EFBC}") = "Unity.InternalAPIEditorBridge.001", "Unity.InternalAPIEditorBridge.001.csproj", "{48e1b192-969c-eb23-ec06-429e2a278d8d}"
EndProject
Project("{FAE04EC0-301F-11D3-BF4B-00C04F79EFBC}") = "UnityEngine.TestRunner", "UnityEngine.TestRunner.Player.csproj", "{f1579e35-cf9a-ed9c-936c-5e21af681dea}"
EndProject
Project("{FAE04EC0-301F-11D3-BF4B-00C04F79EFBC}") = "Unity.Mathematics", "Unity.Mathematics.Player.csproj", "{76cfd2f3-1df0-553f-5670-ed17c5fdb137}"
EndProject
Project("{FAE04EC0-301F-11D3-BF4B-00C04F79EFBC}") = "Unity.Timeline", "Unity.Timeline.Player.csproj", "{371987a9-e108-c6c4-b1df-64623b1c4d1b}"
EndProject
Project("{FAE04EC0-301F-11D3-BF4B-00C04F79EFBC}") = "UnityEngine.UI", "UnityEngine.UI.Player.csproj", "{f1bf8bba-b1db-cbd6-1661-cb7f3566c9eb}"
EndProject
Project("{FAE04EC0-301F-11D3-BF4B-00C04F79EFBC}") = "Unity.TextMeshPro", "Unity.TextMeshPro.Player.csproj", "{32efcb1d-1970-892e-d8a7-475f0a2d052c}"
EndProject
Project("{FAE04EC0-301F-11D3-BF4B-00C04F79EFBC}") = "Unity.2D.Animation.Runtime", "Unity.2D.Animation.Runtime.Player.csproj", "{7ae48e0f-fb52-f5d0-ce40-2ce0c7a0878a}"
EndProject
Project("{FAE04EC0-301F-11D3-BF4B-00C04F79EFBC}") = "Unity.2D.IK.Runtime", "Unity.2D.IK.Runtime.Player.csproj", "{0e4f870b-0aa8-e316-fdcb-c42575842ff6}"
EndProject
Project("{FAE04EC0-301F-11D3-BF4B-00C04F79EFBC}") = "Unity.2D.SpriteShape.Runtime", "Unity.2D.SpriteShape.Runtime.Player.csproj", "{90bb0287-2b52-ea75-9a02-2696feaa897e}"
EndProject
Project("{FAE04EC0-301F-11D3-BF4B-00C04F79EFBC}") = "Unity.2D.PixelPerfect", "Unity.2D.PixelPerfect.Player.csproj", "{001db620-252f-500d-0a62-51b74ef82a39}"
EndProject
Project("{FAE04EC0-301F-11D3-BF4B-00C04F79EFBC}") = "Unity.2D.Common.Runtime", "Unity.2D.Common.Runtime.Player.csproj", "{a75cb936-e31d-91c2-5a86-82ea4124cda5}"
EndProject
Project("{FAE04EC0-301F-11D3-BF4B-00C04F79EFBC}") = "Unity.InternalAPIEngineBridge.001", "Unity.InternalAPIEngineBridge.001.Player.csproj", "{44d55f13-31c4-a8f8-1e9a-65fe6d03f725}"
EndProject
Project("{FAE04EC0-301F-11D3-BF4B-00C04F79EFBC}") = "Assembly-CSharp", "Assembly-CSharp.Player.csproj", "{46f48374-3301-9f51-f2a5-d9a6ed29d33d}"
EndProject
Project("{FAE04EC0-301F-11D3-BF4B-00C04F79EFBC}") = "UnityEngine.UI.Tests", "UnityEngine.UI.Tests.csproj", "{ba5f29da-000b-b85a-482a-4a12114554f6}"
EndProject
Project("{FAE04EC0-301F-11D3-BF4B-00C04F79EFBC}") = "UnityEditor.UI.EditorTests", "UnityEditor.UI.EditorTests.csproj", "{b34eb493-ea97-f997-015e-92dc32e4aa7a}"
EndProject
Project("{FAE04EC0-301F-11D3-BF4B-00C04F79EFBC}") = "Unity.2D.PixelPerfect.Tests", "Unity.2D.PixelPerfect.Tests.csproj", "{b61046e6-c9d1-7e1f-6881-0a01fdcf3ae3}"
EndProject
Project("{FAE04EC0-301F-11D3-BF4B-00C04F79EFBC}") = "Unity.Mathematics.Tests", "Unity.Mathematics.Tests.csproj", "{b993db19-d983-4292-5554-061dc904ac35}"
EndProject
Project("{FAE04EC0-301F-11D3-BF4B-00C04F79EFBC}") = "Unity.TextMeshPro.Tests", "Unity.TextMeshPro.Tests.csproj", "{a95b4c45-87b2-a62d-1cb8-98d4f7e48514}"
EndProject
Project("{FAE04EC0-301F-11D3-BF4B-00C04F79EFBC}") = "Unity.2D.Path.Tests", "Unity.2D.Path.Tests.csproj", "{a697f4e6-391b-82db-5270-8effc77af527}"
EndProject
Project("{FAE04EC0-301F-11D3-BF4B-00C04F79EFBC}") = "Unity.2D.Sprite.Package.EditorTests", "Unity.2D.Sprite.Package.EditorTests.csproj", "{8717cd26-d33a-245b-1a48-8a9452e94153}"
EndProject
Project("{FAE04EC0-301F-11D3-BF4B-00C04F79EFBC}") = "Unity.2D.Tilemap.Package.EditorTests", "Unity.2D.Tilemap.Package.EditorTests.csproj", "{815b12ba-f483-1a71-dbb9-33f0dda44ac8}"
EndProject
Project("{FAE04EC0-301F-11D3-BF4B-00C04F79EFBC}") = "Unity.2D.SpriteShape.EditorTests", "Unity.2D.SpriteShape.EditorTests.csproj", "{afc09be3-6053-dfe5-50c4-94568783ca78}"
EndProject
Project("{FAE04EC0-301F-11D3-BF4B-00C04F79EFBC}") = "Unity.2D.Common.EditorTests", "Unity.2D.Common.EditorTests.csproj", "{3d0a11bb-2a05-05af-ef12-47b631c3b246}"
EndProject
Project("{FAE04EC0-301F-11D3-BF4B-00C04F79EFBC}") = "Unity.2D.Psdimporter.EditorTests", "Unity.2D.Psdimporter.EditorTests.csproj", "{e2615e33-6275-7dbf-a4c6-f8ad7dde7ab0}"
EndProject
Project("{FAE04EC0-301F-11D3-BF4B-00C04F79EFBC}") = "DocCodeExamples", "DocCodeExamples.csproj", "{36904931-dc07-ad2d-e9b5-f0c83de55f99}"
EndProject
Project("{FAE04EC0-301F-11D3-BF4B-00C04F79EFBC}") = "Unity.2D.PixelPerfect.Editor.Tests", "Unity.2D.PixelPerfect.Editor.Tests.csproj", "{7539831c-74f2-7e77-163a-41c34e8705c8}"
EndProject
Project("{FAE04EC0-301F-11D3-BF4B-00C04F79EFBC}") = "Unity.TextMeshPro.Editor.Tests", "Unity.TextMeshPro.Editor.Tests.csproj", "{98b8e0e3-6dee-f3f6-eebc-9dbaba152464}"
EndProject
Project("{FAE04EC0-301F-11D3-BF4B-00C04F79EFBC}") = "Unity.2D.Animation.EditorTests", "Unity.2D.Animation.EditorTests.csproj", "{7e942383-b5eb-76d5-78bd-b3e6c36bafd8}"
EndProject
Global
	GlobalSection(SolutionConfigurationPlatforms) = preSolution
		Debug|Any CPU = Debug|Any CPU
	EndGlobalSection
	GlobalSection(ProjectConfigurationPlatforms) = postSolution
		{02dca50f-489f-3d60-369f-60c70378e902}.Debug|Any CPU.ActiveCfg = Debug|Any CPU
		{02dca50f-489f-3d60-369f-60c70378e902}.Debug|Any CPU.Build.0 = Debug|Any CPU
		{b3c35a97-1c96-d271-6a86-7594bfd021d9}.Debug|Any CPU.ActiveCfg = Debug|Any CPU
		{b3c35a97-1c96-d271-6a86-7594bfd021d9}.Debug|Any CPU.Build.0 = Debug|Any CPU
		{534d1f1e-4629-357c-eb21-20ac4b92d3be}.Debug|Any CPU.ActiveCfg = Debug|Any CPU
		{534d1f1e-4629-357c-eb21-20ac4b92d3be}.Debug|Any CPU.Build.0 = Debug|Any CPU
		{c9faba0a-7699-7388-8110-1a3a3e5c7ca7}.Debug|Any CPU.ActiveCfg = Debug|Any CPU
		{c9faba0a-7699-7388-8110-1a3a3e5c7ca7}.Debug|Any CPU.Build.0 = Debug|Any CPU
		{94d1d7d0-2cdc-5640-a3e6-d4a395385c05}.Debug|Any CPU.ActiveCfg = Debug|Any CPU
		{94d1d7d0-2cdc-5640-a3e6-d4a395385c05}.Debug|Any CPU.Build.0 = Debug|Any CPU
		{c37c6f3c-b004-336c-a6ff-29e843d58ba0}.Debug|Any CPU.ActiveCfg = Debug|Any CPU
		{c37c6f3c-b004-336c-a6ff-29e843d58ba0}.Debug|Any CPU.Build.0 = Debug|Any CPU
		{6cfd59bf-6e9c-5c21-daf8-a1df22109ff7}.Debug|Any CPU.ActiveCfg = Debug|Any CPU
		{6cfd59bf-6e9c-5c21-daf8-a1df22109ff7}.Debug|Any CPU.Build.0 = Debug|Any CPU
		{e8302d2e-2ec9-f0c0-2363-c3a9840e8096}.Debug|Any CPU.ActiveCfg = Debug|Any CPU
		{e8302d2e-2ec9-f0c0-2363-c3a9840e8096}.Debug|Any CPU.Build.0 = Debug|Any CPU
		{70e24db3-d9ec-b963-0e3d-43e49e5ec21f}.Debug|Any CPU.ActiveCfg = Debug|Any CPU
		{70e24db3-d9ec-b963-0e3d-43e49e5ec21f}.Debug|Any CPU.Build.0 = Debug|Any CPU
		{dac2ceb6-0c88-8238-e2bc-d5d4c3dc8b2d}.Debug|Any CPU.ActiveCfg = Debug|Any CPU
		{dac2ceb6-0c88-8238-e2bc-d5d4c3dc8b2d}.Debug|Any CPU.Build.0 = Debug|Any CPU
		{d07af02e-749c-dbf6-2a2a-ad71ade552bb}.Debug|Any CPU.ActiveCfg = Debug|Any CPU
		{d07af02e-749c-dbf6-2a2a-ad71ade552bb}.Debug|Any CPU.Build.0 = Debug|Any CPU
		{2dcc826a-07d3-c786-f40d-609cb8f05384}.Debug|Any CPU.ActiveCfg = Debug|Any CPU
		{2dcc826a-07d3-c786-f40d-609cb8f05384}.Debug|Any CPU.Build.0 = Debug|Any CPU
		{bdbb9dea-8fa2-5931-92dd-8682a2714f09}.Debug|Any CPU.ActiveCfg = Debug|Any CPU
		{bdbb9dea-8fa2-5931-92dd-8682a2714f09}.Debug|Any CPU.Build.0 = Debug|Any CPU
		{783490ce-8abe-e9e8-0f46-b575b73e681f}.Debug|Any CPU.ActiveCfg = Debug|Any CPU
		{783490ce-8abe-e9e8-0f46-b575b73e681f}.Debug|Any CPU.Build.0 = Debug|Any CPU
		{58a1bd90-9108-20d9-d556-8825a3e20dd6}.Debug|Any CPU.ActiveCfg = Debug|Any CPU
		{58a1bd90-9108-20d9-d556-8825a3e20dd6}.Debug|Any CPU.Build.0 = Debug|Any CPU
		{d70c402b-6984-f88b-99f5-282797bb090c}.Debug|Any CPU.ActiveCfg = Debug|Any CPU
		{d70c402b-6984-f88b-99f5-282797bb090c}.Debug|Any CPU.Build.0 = Debug|Any CPU
		{dc6e1955-d8fd-e2cb-b228-d5c827601df5}.Debug|Any CPU.ActiveCfg = Debug|Any CPU
		{dc6e1955-d8fd-e2cb-b228-d5c827601df5}.Debug|Any CPU.Build.0 = Debug|Any CPU
		{57779175-c783-bcf5-51cc-772868064a25}.Debug|Any CPU.ActiveCfg = Debug|Any CPU
		{57779175-c783-bcf5-51cc-772868064a25}.Debug|Any CPU.Build.0 = Debug|Any CPU
		{5a8d2498-c118-cc97-d8ae-6a97ddb52848}.Debug|Any CPU.ActiveCfg = Debug|Any CPU
		{5a8d2498-c118-cc97-d8ae-6a97ddb52848}.Debug|Any CPU.Build.0 = Debug|Any CPU
		{1ebd7885-42c5-5dad-924b-48f2211f927a}.Debug|Any CPU.ActiveCfg = Debug|Any CPU
		{1ebd7885-42c5-5dad-924b-48f2211f927a}.Debug|Any CPU.Build.0 = Debug|Any CPU
		{28e5cfc6-55af-8b02-aedf-009758ce316e}.Debug|Any CPU.ActiveCfg = Debug|Any CPU
		{28e5cfc6-55af-8b02-aedf-009758ce316e}.Debug|Any CPU.Build.0 = Debug|Any CPU
		{ccbe3cb4-fc68-c35e-d518-a1ab2d55ece6}.Debug|Any CPU.ActiveCfg = Debug|Any CPU
		{ccbe3cb4-fc68-c35e-d518-a1ab2d55ece6}.Debug|Any CPU.Build.0 = Debug|Any CPU
		{c9cd53ca-c846-646c-1994-2ae30cae1a0e}.Debug|Any CPU.ActiveCfg = Debug|Any CPU
		{c9cd53ca-c846-646c-1994-2ae30cae1a0e}.Debug|Any CPU.Build.0 = Debug|Any CPU
		{bd9b4a77-e889-2658-e64d-488f180fa67c}.Debug|Any CPU.ActiveCfg = Debug|Any CPU
		{bd9b4a77-e889-2658-e64d-488f180fa67c}.Debug|Any CPU.Build.0 = Debug|Any CPU
		{e4b381fd-ba40-8511-3d3a-cd5671b06555}.Debug|Any CPU.ActiveCfg = Debug|Any CPU
		{e4b381fd-ba40-8511-3d3a-cd5671b06555}.Debug|Any CPU.Build.0 = Debug|Any CPU
		{adf06a89-0948-057c-3c41-cf195b6d3838}.Debug|Any CPU.ActiveCfg = Debug|Any CPU
		{adf06a89-0948-057c-3c41-cf195b6d3838}.Debug|Any CPU.Build.0 = Debug|Any CPU
		{29420982-bcf0-c83b-10f9-78ad4d520776}.Debug|Any CPU.ActiveCfg = Debug|Any CPU
		{29420982-bcf0-c83b-10f9-78ad4d520776}.Debug|Any CPU.Build.0 = Debug|Any CPU
		{edb7d45b-0d5f-2a83-a7d9-d06e501e25c6}.Debug|Any CPU.ActiveCfg = Debug|Any CPU
		{edb7d45b-0d5f-2a83-a7d9-d06e501e25c6}.Debug|Any CPU.Build.0 = Debug|Any CPU
		{2bc0fba7-c2c0-d744-e8f9-d8aa80db0708}.Debug|Any CPU.ActiveCfg = Debug|Any CPU
		{2bc0fba7-c2c0-d744-e8f9-d8aa80db0708}.Debug|Any CPU.Build.0 = Debug|Any CPU
		{03a39519-b188-51cc-3289-e62211854aeb}.Debug|Any CPU.ActiveCfg = Debug|Any CPU
		{03a39519-b188-51cc-3289-e62211854aeb}.Debug|Any CPU.Build.0 = Debug|Any CPU
		{3dbabce1-6700-7d76-d67f-9ba07bface16}.Debug|Any CPU.ActiveCfg = Debug|Any CPU
		{3dbabce1-6700-7d76-d67f-9ba07bface16}.Debug|Any CPU.Build.0 = Debug|Any CPU
		{9ce0a299-ef69-2c36-a5f8-e3c12fcfcd86}.Debug|Any CPU.ActiveCfg = Debug|Any CPU
		{9ce0a299-ef69-2c36-a5f8-e3c12fcfcd86}.Debug|Any CPU.Build.0 = Debug|Any CPU
		{8a56c529-0665-bd25-844b-ea8b2ce1f510}.Debug|Any CPU.ActiveCfg = Debug|Any CPU
		{8a56c529-0665-bd25-844b-ea8b2ce1f510}.Debug|Any CPU.Build.0 = Debug|Any CPU
		{48e1b192-969c-eb23-ec06-429e2a278d8d}.Debug|Any CPU.ActiveCfg = Debug|Any CPU
		{48e1b192-969c-eb23-ec06-429e2a278d8d}.Debug|Any CPU.Build.0 = Debug|Any CPU
		{f1579e35-cf9a-ed9c-936c-5e21af681dea}.Debug|Any CPU.ActiveCfg = Debug|Any CPU
		{f1579e35-cf9a-ed9c-936c-5e21af681dea}.Debug|Any CPU.Build.0 = Debug|Any CPU
		{76cfd2f3-1df0-553f-5670-ed17c5fdb137}.Debug|Any CPU.ActiveCfg = Debug|Any CPU
		{76cfd2f3-1df0-553f-5670-ed17c5fdb137}.Debug|Any CPU.Build.0 = Debug|Any CPU
		{371987a9-e108-c6c4-b1df-64623b1c4d1b}.Debug|Any CPU.ActiveCfg = Debug|Any CPU
		{371987a9-e108-c6c4-b1df-64623b1c4d1b}.Debug|Any CPU.Build.0 = Debug|Any CPU
		{f1bf8bba-b1db-cbd6-1661-cb7f3566c9eb}.Debug|Any CPU.ActiveCfg = Debug|Any CPU
		{f1bf8bba-b1db-cbd6-1661-cb7f3566c9eb}.Debug|Any CPU.Build.0 = Debug|Any CPU
		{32efcb1d-1970-892e-d8a7-475f0a2d052c}.Debug|Any CPU.ActiveCfg = Debug|Any CPU
		{32efcb1d-1970-892e-d8a7-475f0a2d052c}.Debug|Any CPU.Build.0 = Debug|Any CPU
		{7ae48e0f-fb52-f5d0-ce40-2ce0c7a0878a}.Debug|Any CPU.ActiveCfg = Debug|Any CPU
		{7ae48e0f-fb52-f5d0-ce40-2ce0c7a0878a}.Debug|Any CPU.Build.0 = Debug|Any CPU
		{0e4f870b-0aa8-e316-fdcb-c42575842ff6}.Debug|Any CPU.ActiveCfg = Debug|Any CPU
		{0e4f870b-0aa8-e316-fdcb-c42575842ff6}.Debug|Any CPU.Build.0 = Debug|Any CPU
		{90bb0287-2b52-ea75-9a02-2696feaa897e}.Debug|Any CPU.ActiveCfg = Debug|Any CPU
		{90bb0287-2b52-ea75-9a02-2696feaa897e}.Debug|Any CPU.Build.0 = Debug|Any CPU
		{001db620-252f-500d-0a62-51b74ef82a39}.Debug|Any CPU.ActiveCfg = Debug|Any CPU
		{001db620-252f-500d-0a62-51b74ef82a39}.Debug|Any CPU.Build.0 = Debug|Any CPU
		{a75cb936-e31d-91c2-5a86-82ea4124cda5}.Debug|Any CPU.ActiveCfg = Debug|Any CPU
		{a75cb936-e31d-91c2-5a86-82ea4124cda5}.Debug|Any CPU.Build.0 = Debug|Any CPU
		{44d55f13-31c4-a8f8-1e9a-65fe6d03f725}.Debug|Any CPU.ActiveCfg = Debug|Any CPU
		{44d55f13-31c4-a8f8-1e9a-65fe6d03f725}.Debug|Any CPU.Build.0 = Debug|Any CPU
		{46f48374-3301-9f51-f2a5-d9a6ed29d33d}.Debug|Any CPU.ActiveCfg = Debug|Any CPU
		{46f48374-3301-9f51-f2a5-d9a6ed29d33d}.Debug|Any CPU.Build.0 = Debug|Any CPU
		{ba5f29da-000b-b85a-482a-4a12114554f6}.Debug|Any CPU.ActiveCfg = Debug|Any CPU
		{ba5f29da-000b-b85a-482a-4a12114554f6}.Debug|Any CPU.Build.0 = Debug|Any CPU
		{b34eb493-ea97-f997-015e-92dc32e4aa7a}.Debug|Any CPU.ActiveCfg = Debug|Any CPU
		{b34eb493-ea97-f997-015e-92dc32e4aa7a}.Debug|Any CPU.Build.0 = Debug|Any CPU
		{b61046e6-c9d1-7e1f-6881-0a01fdcf3ae3}.Debug|Any CPU.ActiveCfg = Debug|Any CPU
		{b61046e6-c9d1-7e1f-6881-0a01fdcf3ae3}.Debug|Any CPU.Build.0 = Debug|Any CPU
		{b993db19-d983-4292-5554-061dc904ac35}.Debug|Any CPU.ActiveCfg = Debug|Any CPU
		{b993db19-d983-4292-5554-061dc904ac35}.Debug|Any CPU.Build.0 = Debug|Any CPU
		{a95b4c45-87b2-a62d-1cb8-98d4f7e48514}.Debug|Any CPU.ActiveCfg = Debug|Any CPU
		{a95b4c45-87b2-a62d-1cb8-98d4f7e48514}.Debug|Any CPU.Build.0 = Debug|Any CPU
		{a697f4e6-391b-82db-5270-8effc77af527}.Debug|Any CPU.ActiveCfg = Debug|Any CPU
		{a697f4e6-391b-82db-5270-8effc77af527}.Debug|Any CPU.Build.0 = Debug|Any CPU
		{8717cd26-d33a-245b-1a48-8a9452e94153}.Debug|Any CPU.ActiveCfg = Debug|Any CPU
		{8717cd26-d33a-245b-1a48-8a9452e94153}.Debug|Any CPU.Build.0 = Debug|Any CPU
		{815b12ba-f483-1a71-dbb9-33f0dda44ac8}.Debug|Any CPU.ActiveCfg = Debug|Any CPU
		{815b12ba-f483-1a71-dbb9-33f0dda44ac8}.Debug|Any CPU.Build.0 = Debug|Any CPU
		{afc09be3-6053-dfe5-50c4-94568783ca78}.Debug|Any CPU.ActiveCfg = Debug|Any CPU
		{afc09be3-6053-dfe5-50c4-94568783ca78}.Debug|Any CPU.Build.0 = Debug|Any CPU
		{3d0a11bb-2a05-05af-ef12-47b631c3b246}.Debug|Any CPU.ActiveCfg = Debug|Any CPU
		{3d0a11bb-2a05-05af-ef12-47b631c3b246}.Debug|Any CPU.Build.0 = Debug|Any CPU
		{e2615e33-6275-7dbf-a4c6-f8ad7dde7ab0}.Debug|Any CPU.ActiveCfg = Debug|Any CPU
		{e2615e33-6275-7dbf-a4c6-f8ad7dde7ab0}.Debug|Any CPU.Build.0 = Debug|Any CPU
		{36904931-dc07-ad2d-e9b5-f0c83de55f99}.Debug|Any CPU.ActiveCfg = Debug|Any CPU
		{36904931-dc07-ad2d-e9b5-f0c83de55f99}.Debug|Any CPU.Build.0 = Debug|Any CPU
		{7539831c-74f2-7e77-163a-41c34e8705c8}.Debug|Any CPU.ActiveCfg = Debug|Any CPU
		{7539831c-74f2-7e77-163a-41c34e8705c8}.Debug|Any CPU.Build.0 = Debug|Any CPU
		{98b8e0e3-6dee-f3f6-eebc-9dbaba152464}.Debug|Any CPU.ActiveCfg = Debug|Any CPU
		{98b8e0e3-6dee-f3f6-eebc-9dbaba152464}.Debug|Any CPU.Build.0 = Debug|Any CPU
		{7e942383-b5eb-76d5-78bd-b3e6c36bafd8}.Debug|Any CPU.ActiveCfg = Debug|Any CPU
		{7e942383-b5eb-76d5-78bd-b3e6c36bafd8}.Debug|Any CPU.Build.0 = Debug|Any CPU
	EndGlobalSection
	GlobalSection(SolutionProperties) = preSolution
		HideSolutionNode = FALSE
	EndGlobalSection
EndGlobal
